
Microsoft Visual Studio Solution File, Format Version 12.00
# Visual Studio Version 17
VisualStudioVersion = 17.8.34330.188
MinimumVisualStudioVersion = 10.0.40219.1
Project("{9A19103F-16F7-4668-BE54-9A1E7A4F7556}") = "SmartCapital.WebAPI", "SmartCapital.WebAPI\SmartCapital.WebAPI.csproj", "{C7EF4A2B-B58A-40A7-A579-0F3CF0A9DA1F}"
EndProject
Project("{9A19103F-16F7-4668-BE54-9A1E7A4F7556}") = "SmartCapital.WebAPI.Infrastructure", "SmartCapital.WebAPI.Infrastructure\SmartCapital.WebAPI.Infrastructure.csproj", "{F7703C8C-FCE1-4D9B-8475-863C713A6C0E}"
EndProject
Project("{9A19103F-16F7-4668-BE54-9A1E7A4F7556}") = "SmartCapital.WebAPI.Domain", "SmartCapital.WebAPI.Domain\SmartCapital.WebAPI.Domain.csproj", "{33F52CDB-A6B2-40F1-8D0B-245CEBB4332E}"
EndProject
Project("{9A19103F-16F7-4668-BE54-9A1E7A4F7556}") = "SmartCapital.WebAPI.Application", "SmartCapital.WebAPI.Application\SmartCapital.WebAPI.Application.csproj", "{6CD66DEE-1CBE-4BC2-8ADB-4A34C35A9FE2}"
EndProject
Global
	GlobalSection(SolutionConfigurationPlatforms) = preSolution
		Debug|Any CPU = Debug|Any CPU
		Release|Any CPU = Release|Any CPU
	EndGlobalSection
	GlobalSection(ProjectConfigurationPlatforms) = postSolution
		{C7EF4A2B-B58A-40A7-A579-0F3CF0A9DA1F}.Debug|Any CPU.ActiveCfg = Debug|Any CPU
		{C7EF4A2B-B58A-40A7-A579-0F3CF0A9DA1F}.Debug|Any CPU.Build.0 = Debug|Any CPU
		{C7EF4A2B-B58A-40A7-A579-0F3CF0A9DA1F}.Release|Any CPU.ActiveCfg = Release|Any CPU
		{C7EF4A2B-B58A-40A7-A579-0F3CF0A9DA1F}.Release|Any CPU.Build.0 = Release|Any CPU
		{F7703C8C-FCE1-4D9B-8475-863C713A6C0E}.Debug|Any CPU.ActiveCfg = Debug|Any CPU
		{F7703C8C-FCE1-4D9B-8475-863C713A6C0E}.Debug|Any CPU.Build.0 = Debug|Any CPU
		{F7703C8C-FCE1-4D9B-8475-863C713A6C0E}.Release|Any CPU.ActiveCfg = Release|Any CPU
		{F7703C8C-FCE1-4D9B-8475-863C713A6C0E}.Release|Any CPU.Build.0 = Release|Any CPU
		{33F52CDB-A6B2-40F1-8D0B-245CEBB4332E}.Debug|Any CPU.ActiveCfg = Debug|Any CPU
		{33F52CDB-A6B2-40F1-8D0B-245CEBB4332E}.Debug|Any CPU.Build.0 = Debug|Any CPU
		{33F52CDB-A6B2-40F1-8D0B-245CEBB4332E}.Release|Any CPU.ActiveCfg = Release|Any CPU
		{33F52CDB-A6B2-40F1-8D0B-245CEBB4332E}.Release|Any CPU.Build.0 = Release|Any CPU
		{6CD66DEE-1CBE-4BC2-8ADB-4A34C35A9FE2}.Debug|Any CPU.ActiveCfg = Debug|Any CPU
		{6CD66DEE-1CBE-4BC2-8ADB-4A34C35A9FE2}.Debug|Any CPU.Build.0 = Debug|Any CPU
		{6CD66DEE-1CBE-4BC2-8ADB-4A34C35A9FE2}.Release|Any CPU.ActiveCfg = Release|Any CPU
		{6CD66DEE-1CBE-4BC2-8ADB-4A34C35A9FE2}.Release|Any CPU.Build.0 = Release|Any CPU
	EndGlobalSection
	GlobalSection(SolutionProperties) = preSolution
		HideSolutionNode = FALSE
	EndGlobalSection
	GlobalSection(ExtensibilityGlobals) = postSolution
		SolutionGuid = {7DE8ABA5-2884-4882-8C67-63215A8A35E5}
	EndGlobalSection
EndGlobal
