
Microsoft Visual Studio Solution File, Format Version 12.00
# Visual Studio Version 17
VisualStudioVersion = 17.8.34330.188
MinimumVisualStudioVersion = 10.0.40219.1
Project("{FAE04EC0-301F-11D3-BF4B-00C04F79EFBC}") = "SmartCapital.WebAPI", "SmartCapital.WebAPI\SmartCapital.WebAPI.csproj", "{C7EF4A2B-B58A-40A7-A579-0F3CF0A9DA1F}"
EndProject
Global
	GlobalSection(SolutionConfigurationPlatforms) = preSolution
		Debug|Any CPU = Debug|Any CPU
		Release|Any CPU = Release|Any CPU
	EndGlobalSection
	GlobalSection(ProjectConfigurationPlatforms) = postSolution
		{C7EF4A2B-B58A-40A7-A579-0F3CF0A9DA1F}.Debug|Any CPU.ActiveCfg = Debug|Any CPU
		{C7EF4A2B-B58A-40A7-A579-0F3CF0A9DA1F}.Debug|Any CPU.Build.0 = Debug|Any CPU
		{C7EF4A2B-B58A-40A7-A579-0F3CF0A9DA1F}.Release|Any CPU.ActiveCfg = Release|Any CPU
		{C7EF4A2B-B58A-40A7-A579-0F3CF0A9DA1F}.Release|Any CPU.Build.0 = Release|Any CPU
	EndGlobalSection
	GlobalSection(SolutionProperties) = preSolution
		HideSolutionNode = FALSE
	EndGlobalSection
	GlobalSection(ExtensibilityGlobals) = postSolution
		SolutionGuid = {7DE8ABA5-2884-4882-8C67-63215A8A35E5}
	EndGlobalSection
EndGlobal
